
Microsoft Visual Studio Solution File, Format Version 12.00
# Visual Studio 15
VisualStudioVersion = 15.0.28010.2048
MinimumVisualStudioVersion = 10.0.40219.1
Project("{FAE04EC0-301F-11D3-BF4B-00C04F79EFBC}") = "CodedUIScenario2", "CodedUIScenario2\CodedUIScenario2.csproj", "{32AC4B15-879E-4F22-9102-44643D8D1AF5}"
EndProject
Global
	GlobalSection(SolutionConfigurationPlatforms) = preSolution
		Debug|Any CPU = Debug|Any CPU
		Release|Any CPU = Release|Any CPU
	EndGlobalSection
	GlobalSection(ProjectConfigurationPlatforms) = postSolution
		{32AC4B15-879E-4F22-9102-44643D8D1AF5}.Debug|Any CPU.ActiveCfg = Debug|Any CPU
		{32AC4B15-879E-4F22-9102-44643D8D1AF5}.Debug|Any CPU.Build.0 = Debug|Any CPU
		{32AC4B15-879E-4F22-9102-44643D8D1AF5}.Release|Any CPU.ActiveCfg = Release|Any CPU
		{32AC4B15-879E-4F22-9102-44643D8D1AF5}.Release|Any CPU.Build.0 = Release|Any CPU
	EndGlobalSection
	GlobalSection(SolutionProperties) = preSolution
		HideSolutionNode = FALSE
	EndGlobalSection
	GlobalSection(ExtensibilityGlobals) = postSolution
		SolutionGuid = {38868C94-7DCE-47D1-AD23-D91DCD82F4F4}
	EndGlobalSection
EndGlobal
